
Microsoft Visual Studio Solution File, Format Version 12.00
# Visual Studio 15
VisualStudioVersion = 15.0.28010.2019
MinimumVisualStudioVersion = 10.0.40219.1
Project("{FAE04EC0-301F-11D3-BF4B-00C04F79EFBC}") = "Signally", "Signally\Signally.csproj", "{021BE2B8-BD08-4DF5-ADA4-36A64742BD80}"
EndProject
Global
	GlobalSection(SolutionConfigurationPlatforms) = preSolution
		Debug|Any CPU = Debug|Any CPU
		Release|Any CPU = Release|Any CPU
	EndGlobalSection
	GlobalSection(ProjectConfigurationPlatforms) = postSolution
		{021BE2B8-BD08-4DF5-ADA4-36A64742BD80}.Debug|Any CPU.ActiveCfg = Debug|Any CPU
		{021BE2B8-BD08-4DF5-ADA4-36A64742BD80}.Debug|Any CPU.Build.0 = Debug|Any CPU
		{021BE2B8-BD08-4DF5-ADA4-36A64742BD80}.Release|Any CPU.ActiveCfg = Release|Any CPU
		{021BE2B8-BD08-4DF5-ADA4-36A64742BD80}.Release|Any CPU.Build.0 = Release|Any CPU
	EndGlobalSection
	GlobalSection(SolutionProperties) = preSolution
		HideSolutionNode = FALSE
	EndGlobalSection
	GlobalSection(ExtensibilityGlobals) = postSolution
		SolutionGuid = {D285AF68-164C-4C68-9206-D84589097F81}
	EndGlobalSection
EndGlobal
